
Microsoft Visual Studio Solution File, Format Version 12.00
# Visual Studio 14
VisualStudioVersion = 14.0.23107.0
MinimumVisualStudioVersion = 10.0.40219.1
Project("{FAE04EC0-301F-11D3-BF4B-00C04F79EFBC}") = "OpenDope_AnswerFormat", "OpenDope_AnswerFormat\OpenDope_AnswerFormat.csproj", "{E9F3B8A5-B601-45DF-B85E-DE9EC3ADB4CF}"
EndProject
Project("{FAE04EC0-301F-11D3-BF4B-00C04F79EFBC}") = "OpenDoPEModel", "..\OpenDoPE-Model\OpenDoPEModel\OpenDoPEModel.csproj", "{D78A1993-D06B-4C46-8548-69E68BDFE336}"
EndProject
Project("{ACA99D24-2A4B-4C16-9E92-13D6ABC4AC35}") = "OpenDoPE-NoXML-Installer", "OpenDoPE-NoXML-Installer\OpenDoPE-NoXML-Installer.isproj", "{973ED4AD-A9B6-4010-8919-2933D8C21735}"
	ProjectSection(ProjectDependencies) = postProject
		{E9F3B8A5-B601-45DF-B85E-DE9EC3ADB4CF} = {E9F3B8A5-B601-45DF-B85E-DE9EC3ADB4CF}
	EndProjectSection
EndProject
Project("{2150E333-8FDC-42A3-9474-1A3956D46DE8}") = "Solution Items", "Solution Items", "{91662C7F-C4FB-47AB-B7D5-574FF7754BD3}"
	ProjectSection(SolutionItems) = preProject
		README.md = README.md
	EndProjectSection
EndProject
Global
	GlobalSection(SolutionConfigurationPlatforms) = preSolution
		CD_ROM|Any CPU = CD_ROM|Any CPU
		Custom|Any CPU = Custom|Any CPU
		Debug|Any CPU = Debug|Any CPU
		DVD-10|Any CPU = DVD-10|Any CPU
		DVD-18|Any CPU = DVD-18|Any CPU
		DVD-5|Any CPU = DVD-5|Any CPU
		DVD-9|Any CPU = DVD-9|Any CPU
		Release|Any CPU = Release|Any CPU
		SingleImage|Any CPU = SingleImage|Any CPU
		WebDeployment|Any CPU = WebDeployment|Any CPU
	EndGlobalSection
	GlobalSection(ProjectConfigurationPlatforms) = postSolution
		{E9F3B8A5-B601-45DF-B85E-DE9EC3ADB4CF}.CD_ROM|Any CPU.ActiveCfg = Release|Any CPU
		{E9F3B8A5-B601-45DF-B85E-DE9EC3ADB4CF}.CD_ROM|Any CPU.Build.0 = Release|Any CPU
		{E9F3B8A5-B601-45DF-B85E-DE9EC3ADB4CF}.Custom|Any CPU.ActiveCfg = Release|Any CPU
		{E9F3B8A5-B601-45DF-B85E-DE9EC3ADB4CF}.Custom|Any CPU.Build.0 = Release|Any CPU
		{E9F3B8A5-B601-45DF-B85E-DE9EC3ADB4CF}.Debug|Any CPU.ActiveCfg = Debug|Any CPU
		{E9F3B8A5-B601-45DF-B85E-DE9EC3ADB4CF}.Debug|Any CPU.Build.0 = Debug|Any CPU
		{E9F3B8A5-B601-45DF-B85E-DE9EC3ADB4CF}.DVD-10|Any CPU.ActiveCfg = Debug|Any CPU
		{E9F3B8A5-B601-45DF-B85E-DE9EC3ADB4CF}.DVD-10|Any CPU.Build.0 = Debug|Any CPU
		{E9F3B8A5-B601-45DF-B85E-DE9EC3ADB4CF}.DVD-18|Any CPU.ActiveCfg = Debug|Any CPU
		{E9F3B8A5-B601-45DF-B85E-DE9EC3ADB4CF}.DVD-18|Any CPU.Build.0 = Debug|Any CPU
		{E9F3B8A5-B601-45DF-B85E-DE9EC3ADB4CF}.DVD-5|Any CPU.ActiveCfg = Debug|Any CPU
		{E9F3B8A5-B601-45DF-B85E-DE9EC3ADB4CF}.DVD-5|Any CPU.Build.0 = Debug|Any CPU
		{E9F3B8A5-B601-45DF-B85E-DE9EC3ADB4CF}.DVD-9|Any CPU.ActiveCfg = Debug|Any CPU
		{E9F3B8A5-B601-45DF-B85E-DE9EC3ADB4CF}.DVD-9|Any CPU.Build.0 = Debug|Any CPU
		{E9F3B8A5-B601-45DF-B85E-DE9EC3ADB4CF}.Release|Any CPU.ActiveCfg = Release|Any CPU
		{E9F3B8A5-B601-45DF-B85E-DE9EC3ADB4CF}.Release|Any CPU.Build.0 = Release|Any CPU
		{E9F3B8A5-B601-45DF-B85E-DE9EC3ADB4CF}.SingleImage|Any CPU.ActiveCfg = Release|Any CPU
		{E9F3B8A5-B601-45DF-B85E-DE9EC3ADB4CF}.SingleImage|Any CPU.Build.0 = Release|Any CPU
		{E9F3B8A5-B601-45DF-B85E-DE9EC3ADB4CF}.WebDeployment|Any CPU.ActiveCfg = Release|Any CPU
		{E9F3B8A5-B601-45DF-B85E-DE9EC3ADB4CF}.WebDeployment|Any CPU.Build.0 = Release|Any CPU
		{D78A1993-D06B-4C46-8548-69E68BDFE336}.CD_ROM|Any CPU.ActiveCfg = Release|Any CPU
		{D78A1993-D06B-4C46-8548-69E68BDFE336}.CD_ROM|Any CPU.Build.0 = Release|Any CPU
		{D78A1993-D06B-4C46-8548-69E68BDFE336}.Custom|Any CPU.ActiveCfg = Release|Any CPU
		{D78A1993-D06B-4C46-8548-69E68BDFE336}.Custom|Any CPU.Build.0 = Release|Any CPU
		{D78A1993-D06B-4C46-8548-69E68BDFE336}.Debug|Any CPU.ActiveCfg = Debug|Any CPU
		{D78A1993-D06B-4C46-8548-69E68BDFE336}.Debug|Any CPU.Build.0 = Debug|Any CPU
		{D78A1993-D06B-4C46-8548-69E68BDFE336}.DVD-10|Any CPU.ActiveCfg = Debug|Any CPU
		{D78A1993-D06B-4C46-8548-69E68BDFE336}.DVD-10|Any CPU.Build.0 = Debug|Any CPU
		{D78A1993-D06B-4C46-8548-69E68BDFE336}.DVD-18|Any CPU.ActiveCfg = Debug|Any CPU
		{D78A1993-D06B-4C46-8548-69E68BDFE336}.DVD-18|Any CPU.Build.0 = Debug|Any CPU
		{D78A1993-D06B-4C46-8548-69E68BDFE336}.DVD-5|Any CPU.ActiveCfg = Debug|Any CPU
		{D78A1993-D06B-4C46-8548-69E68BDFE336}.DVD-5|Any CPU.Build.0 = Debug|Any CPU
		{D78A1993-D06B-4C46-8548-69E68BDFE336}.DVD-9|Any CPU.ActiveCfg = Debug|Any CPU
		{D78A1993-D06B-4C46-8548-69E68BDFE336}.DVD-9|Any CPU.Build.0 = Debug|Any CPU
		{D78A1993-D06B-4C46-8548-69E68BDFE336}.Release|Any CPU.ActiveCfg = Release|Any CPU
		{D78A1993-D06B-4C46-8548-69E68BDFE336}.Release|Any CPU.Build.0 = Release|Any CPU
		{D78A1993-D06B-4C46-8548-69E68BDFE336}.SingleImage|Any CPU.ActiveCfg = Release|Any CPU
		{D78A1993-D06B-4C46-8548-69E68BDFE336}.SingleImage|Any CPU.Build.0 = Release|Any CPU
		{D78A1993-D06B-4C46-8548-69E68BDFE336}.WebDeployment|Any CPU.ActiveCfg = Release|Any CPU
		{D78A1993-D06B-4C46-8548-69E68BDFE336}.WebDeployment|Any CPU.Build.0 = Release|Any CPU
		{973ED4AD-A9B6-4010-8919-2933D8C21735}.CD_ROM|Any CPU.ActiveCfg = CD_ROM
		{973ED4AD-A9B6-4010-8919-2933D8C21735}.CD_ROM|Any CPU.Build.0 = CD_ROM
		{973ED4AD-A9B6-4010-8919-2933D8C21735}.Custom|Any CPU.ActiveCfg = Custom
		{973ED4AD-A9B6-4010-8919-2933D8C21735}.Custom|Any CPU.Build.0 = Custom
		{973ED4AD-A9B6-4010-8919-2933D8C21735}.Debug|Any CPU.ActiveCfg = DVD-9
		{973ED4AD-A9B6-4010-8919-2933D8C21735}.Debug|Any CPU.Build.0 = DVD-9
		{973ED4AD-A9B6-4010-8919-2933D8C21735}.DVD-10|Any CPU.ActiveCfg = DVD-10
		{973ED4AD-A9B6-4010-8919-2933D8C21735}.DVD-10|Any CPU.Build.0 = DVD-10
		{973ED4AD-A9B6-4010-8919-2933D8C21735}.DVD-18|Any CPU.ActiveCfg = DVD-18
		{973ED4AD-A9B6-4010-8919-2933D8C21735}.DVD-18|Any CPU.Build.0 = DVD-18
		{973ED4AD-A9B6-4010-8919-2933D8C21735}.DVD-5|Any CPU.ActiveCfg = DVD-5
		{973ED4AD-A9B6-4010-8919-2933D8C21735}.DVD-5|Any CPU.Build.0 = DVD-5
		{973ED4AD-A9B6-4010-8919-2933D8C21735}.DVD-9|Any CPU.ActiveCfg = DVD-9
		{973ED4AD-A9B6-4010-8919-2933D8C21735}.DVD-9|Any CPU.Build.0 = DVD-9
		{973ED4AD-A9B6-4010-8919-2933D8C21735}.Release|Any CPU.ActiveCfg = WebDeployment
		{973ED4AD-A9B6-4010-8919-2933D8C21735}.Release|Any CPU.Build.0 = WebDeployment
		{973ED4AD-A9B6-4010-8919-2933D8C21735}.SingleImage|Any CPU.ActiveCfg = SingleImage
		{973ED4AD-A9B6-4010-8919-2933D8C21735}.SingleImage|Any CPU.Build.0 = SingleImage
		{973ED4AD-A9B6-4010-8919-2933D8C21735}.WebDeployment|Any CPU.ActiveCfg = WebDeployment
		{973ED4AD-A9B6-4010-8919-2933D8C21735}.WebDeployment|Any CPU.Build.0 = WebDeployment
	EndGlobalSection
	GlobalSection(SolutionProperties) = preSolution
		HideSolutionNode = FALSE
	EndGlobalSection
EndGlobal
